// !$*UTF8*$!
{
	archiveVersion = 1;
	classes = {
	};
	objectVersion = 56;
	objects = {

/* Begin PBXBuildFile section */
		4608AC342EEA305B000523F0 /* AuthenticationManager.swift in Sources */ = {isa = PBXBuildFile; fileRef = 4608AC332EEA305B000523F0 /* AuthenticationManager.swift */; };
		4608AC362EEA30E5000523F0 /* KeychainHelper.swift in Sources */ = {isa = PBXBuildFile; fileRef = 4608AC352EEA30E5000523F0 /* KeychainHelper.swift */; };
		4608AC3A2EEA3179000523F0 /* SettingsView.swift in Sources */ = {isa = PBXBuildFile; fileRef = 4608AC372EEA3179000523F0 /* SettingsView.swift */; };
		4608AC3B2EEA3179000523F0 /* TeacherLoginView.swift in Sources */ = {isa = PBXBuildFile; fileRef = 4608AC382EEA3179000523F0 /* TeacherLoginView.swift */; };
		4609120229D0811B000337E8 /* DashboardView.swift in Sources */ = {isa = PBXBuildFile; fileRef = 4609120129D0811B000337E8 /* DashboardView.swift */; };
		460CC64F2B1D03760050437D /* AppConstants.swift in Sources */ = {isa = PBXBuildFile; fileRef = 460CC64E2B1D03760050437D /* AppConstants.swift */; };
		461044AB2C5D446100760FCE /* UserEditorContDPRepl.swift in Sources */ = {isa = PBXBuildFile; fileRef = 461044AA2C5D446100760FCE /* UserEditorContDPRepl.swift */; };
		461D21CA299C4A37008B7BD2 /* AddAUserResponse.swift in Sources */ = {isa = PBXBuildFile; fileRef = 461D21C9299C4A37008B7BD2 /* AddAUserResponse.swift */; };
		461D21CC299D89DD008B7BD2 /* ClassDetailViewModel.swift in Sources */ = {isa = PBXBuildFile; fileRef = 461D21CB299D89DC008B7BD2 /* ClassDetailViewModel.swift */; };
		461D21CE299D8A64008B7BD2 /* Student.swift in Sources */ = {isa = PBXBuildFile; fileRef = 461D21CD299D8A64008B7BD2 /* Student.swift */; };
		461D89A42A6D4CA700678391 /* AppCategory.swift in Sources */ = {isa = PBXBuildFile; fileRef = 461D89A32A6D4CA700678391 /* AppCategory.swift */; };
		461D89A62A6D4D2E00678391 /* Apps.swift in Sources */ = {isa = PBXBuildFile; fileRef = 461D89A52A6D4D2E00678391 /* Apps.swift */; };
		461D89A82A6D4D6900678391 /* CategorySymbols.swift in Sources */ = {isa = PBXBuildFile; fileRef = 461D89A72A6D4D6900678391 /* CategorySymbols.swift */; };
		461D89AA2A6D4D9700678391 /* CategoryColors.swift in Sources */ = {isa = PBXBuildFile; fileRef = 461D89A92A6D4D9700678391 /* CategoryColors.swift */; };
		461D89AD2A6D4E3700678391 /* ItemsToSelectRepresentableStr.swift in Sources */ = {isa = PBXBuildFile; fileRef = 461D89AC2A6D4E3700678391 /* ItemsToSelectRepresentableStr.swift */; };
		461D89B12A6D82DE00678391 /* ItemListSelectViewStr.swift in Sources */ = {isa = PBXBuildFile; fileRef = 461D89B02A6D82DE00678391 /* ItemListSelectViewStr.swift */; };
		461D89B32A6DC4C800678391 /* CategoryListView.swift in Sources */ = {isa = PBXBuildFile; fileRef = 461D89B22A6DC4C800678391 /* CategoryListView.swift */; };
		461D89B52A6DC50100678391 /* CategoryEditorContView.swift in Sources */ = {isa = PBXBuildFile; fileRef = 461D89B42A6DC50100678391 /* CategoryEditorContView.swift */; };
		46336705299452A600CF5EA3 /* CustomLabelStyle.swift in Sources */ = {isa = PBXBuildFile; fileRef = 46336704299452A600CF5EA3 /* CustomLabelStyle.swift */; };
		4634418D2AEB3DAE0074741D /* GoogleService-Info.plist in Resources */ = {isa = PBXBuildFile; fileRef = 4634418C2AEB3DAD0074741D /* GoogleService-Info.plist */; };
		463441902AEB3F3A0074741D /* FirebaseDatabase in Frameworks */ = {isa = PBXBuildFile; productRef = 4634418F2AEB3F3A0074741D /* FirebaseDatabase */; };
		463441922AEB3F3A0074741D /* FirebaseDatabaseSwift in Frameworks */ = {isa = PBXBuildFile; productRef = 463441912AEB3F3A0074741D /* FirebaseDatabaseSwift */; };
		463441942AEB3F3A0074741D /* FirebaseFirestore in Frameworks */ = {isa = PBXBuildFile; productRef = 463441932AEB3F3A0074741D /* FirebaseFirestore */; };
		463441962AEB3F3A0074741D /* FirebaseFirestoreSwift in Frameworks */ = {isa = PBXBuildFile; productRef = 463441952AEB3F3A0074741D /* FirebaseFirestoreSwift */; };
		4634419C2AEB59530074741D /* FirestoreManager.swift in Sources */ = {isa = PBXBuildFile; fileRef = 4634419B2AEB59530074741D /* FirestoreManager.swift */; };
		463BEDCB2A41507000A1FBD8 /* LessonsListResponse.swift in Sources */ = {isa = PBXBuildFile; fileRef = 463BEDCA2A41507000A1FBD8 /* LessonsListResponse.swift */; };
		46492B1C29F5CA9300699F96 /* StudentPicStubViewModel.swift in Sources */ = {isa = PBXBuildFile; fileRef = 46492B1B29F5CA9300699F96 /* StudentPicStubViewModel.swift */; };
		464B6AD52A77D439008BF37F /* CategoryDisclosureView.swift in Sources */ = {isa = PBXBuildFile; fileRef = 464B6AD42A77D439008BF37F /* CategoryDisclosureView.swift */; };
		465057852B23673100AC7F3C /* TeacherItems.swift in Sources */ = {isa = PBXBuildFile; fileRef = 465057842B23673100AC7F3C /* TeacherItems.swift */; };
		465669942B1A251900195925 /* MDMGroupsResponse.swift in Sources */ = {isa = PBXBuildFile; fileRef = 465669932B1A251900195925 /* MDMGroupsResponse.swift */; };
		465669962B1A257700195925 /* MDMGroup.swift in Sources */ = {isa = PBXBuildFile; fileRef = 465669952B1A257700195925 /* MDMGroup.swift */; };
		46584FCA2993E1040025F539 /* list_the_usersApp.swift in Sources */ = {isa = PBXBuildFile; fileRef = 46584FC92993E1040025F539 /* list_the_usersApp.swift */; };
		46584FCE2993E1060025F539 /* Assets.xcassets in Resources */ = {isa = PBXBuildFile; fileRef = 46584FCD2993E1060025F539 /* Assets.xcassets */; };
		46584FD12993E1060025F539 /* Preview Assets.xcassets in Resources */ = {isa = PBXBuildFile; fileRef = 46584FD02993E1060025F539 /* Preview Assets.xcassets */; };
		46584FDB2993EAF40025F539 /* User.swift in Sources */ = {isa = PBXBuildFile; fileRef = 46584FDA2993EAF40025F539 /* User.swift */; };
		46584FDD2993EB650025F539 /* UserResponse.swift in Sources */ = {isa = PBXBuildFile; fileRef = 46584FDC2993EB650025F539 /* UserResponse.swift */; };
		46584FDF2993ECD50025F539 /* UsersViewModel.swift in Sources */ = {isa = PBXBuildFile; fileRef = 46584FDE2993ECD50025F539 /* UsersViewModel.swift */; };
		46584FE22993EE780025F539 /* Users.json in Resources */ = {isa = PBXBuildFile; fileRef = 46584FE12993EE780025F539 /* Users.json */; };
		46584FE52993F03C0025F539 /* ApiManager.swift in Sources */ = {isa = PBXBuildFile; fileRef = 46584FE42993F03C0025F539 /* ApiManager.swift */; };
		46584FE72993F0960025F539 /* ApiHelper.swift in Sources */ = {isa = PBXBuildFile; fileRef = 46584FE62993F0960025F539 /* ApiHelper.swift */; };
		46584FE92993F0C40025F539 /* ApiError.swift in Sources */ = {isa = PBXBuildFile; fileRef = 46584FE82993F0C40025F539 /* ApiError.swift */; };
		46584FEB2993F10F0025F539 /* ApiEndpoint.swift in Sources */ = {isa = PBXBuildFile; fileRef = 46584FEA2993F10F0025F539 /* ApiEndpoint.swift */; };
		465B16502AA0ED3A000ED633 /* MockSetupAppProfileView.swift in Sources */ = {isa = PBXBuildFile; fileRef = 465B164F2AA0ED39000ED633 /* MockSetupAppProfileView.swift */; };
		465B16522AA14D28000ED633 /* MockBareBones.swift in Sources */ = {isa = PBXBuildFile; fileRef = 465B16512AA14D28000ED633 /* MockBareBones.swift */; };
		4664639B2B46EABF0017A639 /* TheDevice.swift in Sources */ = {isa = PBXBuildFile; fileRef = 4664639A2B46EABF0017A639 /* TheDevice.swift */; };
		4664639D2B46EB0F0017A639 /* DeviceListResponse.swift in Sources */ = {isa = PBXBuildFile; fileRef = 4664639C2B46EB0F0017A639 /* DeviceListResponse.swift */; };
		4664639F2B46FE650017A639 /* DevicesViewModel.swift in Sources */ = {isa = PBXBuildFile; fileRef = 4664639E2B46FE650017A639 /* DevicesViewModel.swift */; };
		466463A12B4711B50017A639 /* DeviceListView.swift in Sources */ = {isa = PBXBuildFile; fileRef = 466463A02B4711B50017A639 /* DeviceListView.swift */; };
		46690D782A9D556F00C899FF /* MockFromStudentScreenView.swift in Sources */ = {isa = PBXBuildFile; fileRef = 46690D772A9D556F00C899FF /* MockFromStudentScreenView.swift */; };
		46690D7A2A9D57B800C899FF /* MockToStudentScreenView.swift in Sources */ = {isa = PBXBuildFile; fileRef = 46690D792A9D57B800C899FF /* MockToStudentScreenView.swift */; };
		466EC6FD2A42609D007EEEDB /* LessonDetailResponse.swift in Sources */ = {isa = PBXBuildFile; fileRef = 466EC6FC2A42609D007EEEDB /* LessonDetailResponse.swift */; };
		466FF03D2A7050C8002946F7 /* Components.swift in Sources */ = {isa = PBXBuildFile; fileRef = 466FF03C2A7050C8002946F7 /* Components.swift */; };
		46786B762A24D97C000F6716 /* UserListDup.swift in Sources */ = {isa = PBXBuildFile; fileRef = 46786B752A24D97C000F6716 /* UserListDup.swift */; };
		46786B782A24D9A6000F6716 /* UserEditorContDup.swift in Sources */ = {isa = PBXBuildFile; fileRef = 46786B772A24D9A6000F6716 /* UserEditorContDup.swift */; };
		46786B7A2A24E5E7000F6716 /* UserCardVwDup.swift in Sources */ = {isa = PBXBuildFile; fileRef = 46786B792A24E5E7000F6716 /* UserCardVwDup.swift */; };
		4681B1F52C4E8C0D001DB2F4 /* TestMVVMView.swift in Sources */ = {isa = PBXBuildFile; fileRef = 4681B1F42C4E8C0D001DB2F4 /* TestMVVMView.swift */; };
		469420F229C7ED67004B8CB4 /* ExtensionsAndMore.swift in Sources */ = {isa = PBXBuildFile; fileRef = 469420F129C7ED67004B8CB4 /* ExtensionsAndMore.swift */; };
		4698CA282A2D600A00D8A888 /* ImageProcessingError.swift in Sources */ = {isa = PBXBuildFile; fileRef = 4698CA272A2D600A00D8A888 /* ImageProcessingError.swift */; };
		4698CA2A2A2E1FE200D8A888 /* BlockingOverlayView.swift in Sources */ = {isa = PBXBuildFile; fileRef = 4698CA292A2E1FE200D8A888 /* BlockingOverlayView.swift */; };
		469990202C4F14E200C102A8 /* StudentAppProfileFS.swift in Sources */ = {isa = PBXBuildFile; fileRef = 4699901F2C4F14E200C102A8 /* StudentAppProfileFS.swift */; };
		469EFF212A6ED33F0047E8BC /* AppResponse.swift in Sources */ = {isa = PBXBuildFile; fileRef = 469EFF202A6ED33F0047E8BC /* AppResponse.swift */; };
		469EFF232A6F40F30047E8BC /* AppxViewModel.swift in Sources */ = {isa = PBXBuildFile; fileRef = 469EFF222A6F40F30047E8BC /* AppxViewModel.swift */; };
		469EFF262A6F6D400047E8BC /* AppxView.swift in Sources */ = {isa = PBXBuildFile; fileRef = 469EFF252A6F6D400047E8BC /* AppxView.swift */; };
		469F90CA2B63DEDD00E85AF2 /* TestDEstFromClassView.swift in Sources */ = {isa = PBXBuildFile; fileRef = 469F90C92B63DEDD00E85AF2 /* TestDEstFromClassView.swift */; };
		469F90CC2B63E00700E85AF2 /* SwiftUIView.swift in Sources */ = {isa = PBXBuildFile; fileRef = 469F90CB2B63E00700E85AF2 /* SwiftUIView.swift */; };
		469F90CE2B6419F400E85AF2 /* TestSchoolListView.swift in Sources */ = {isa = PBXBuildFile; fileRef = 469F90CD2B6419F400E85AF2 /* TestSchoolListView.swift */; };
		46A80E192A1153A2008B936D /* SchoolClassEditorContDup.swift in Sources */ = {isa = PBXBuildFile; fileRef = 46A80E182A1153A2008B936D /* SchoolClassEditorContDup.swift */; };
		46A8BF7B2B47248600E5FF2D /* DeviceListVW.swift in Sources */ = {isa = PBXBuildFile; fileRef = 46A8BF7A2B47248600E5FF2D /* DeviceListVW.swift */; };
		46AE58AA2AEBDB79005A3C20 /* MiscExtensions.swift in Sources */ = {isa = PBXBuildFile; fileRef = 46AE58A92AEBDB79005A3C20 /* MiscExtensions.swift */; };
		46AEA64129C8E57900D2B994 /* LocationsResponse.swift in Sources */ = {isa = PBXBuildFile; fileRef = 46AEA64029C8E57900D2B994 /* LocationsResponse.swift */; };
		46B8239C2A71CEC100C85942 /* ItemListSelectViewWithPic.swift in Sources */ = {isa = PBXBuildFile; fileRef = 46B8239B2A71CEC100C85942 /* ItemListSelectViewWithPic.swift */; };
		46BAB4852B30949A00C155B9 /* TimeOfDay.swift in Sources */ = {isa = PBXBuildFile; fileRef = 46BAB4842B30949A00C155B9 /* TimeOfDay.swift */; };
		46BAB4872B3094D900C155B9 /* DayOfWeek.swift in Sources */ = {isa = PBXBuildFile; fileRef = 46BAB4862B3094D900C155B9 /* DayOfWeek.swift */; };
		46BAB4892B30956600C155B9 /* StudentAppProfilex.swift in Sources */ = {isa = PBXBuildFile; fileRef = 46BAB4882B30956600C155B9 /* StudentAppProfilex.swift */; };
		46BAB48B2B30959B00C155B9 /* StudentAppProfileManager.swift in Sources */ = {isa = PBXBuildFile; fileRef = 46BAB48A2B30959B00C155B9 /* StudentAppProfileManager.swift */; };
		46BAB48E2B309F5000C155B9 /* ProfileErrors.swift in Sources */ = {isa = PBXBuildFile; fileRef = 46BAB48D2B309F5000C155B9 /* ProfileErrors.swift */; };
		46BAB4902B309F7500C155B9 /* DailySessionConfiguration.swift in Sources */ = {isa = PBXBuildFile; fileRef = 46BAB48F2B309F7500C155B9 /* DailySessionConfiguration.swift */; };
		46BAB4922B30A01400C155B9 /* DailySessions.swift in Sources */ = {isa = PBXBuildFile; fileRef = 46BAB4912B30A01400C155B9 /* DailySessions.swift */; };
		46BAB4952B30A07900C155B9 /* Session.swift in Sources */ = {isa = PBXBuildFile; fileRef = 46BAB4942B30A07900C155B9 /* Session.swift */; };
		46BAB4982B30A48400C155B9 /* SchoolClassError.swift in Sources */ = {isa = PBXBuildFile; fileRef = 46BAB4972B30A48400C155B9 /* SchoolClassError.swift */; };
		46BD34E529BE236D002A8395 /* CreateaClassResponse.swift in Sources */ = {isa = PBXBuildFile; fileRef = 46BD34E429BE236D002A8395 /* CreateaClassResponse.swift */; };
		46BD73142A0EC7A000AE23B1 /* SchoolListDup.swift in Sources */ = {isa = PBXBuildFile; fileRef = 46BD73132A0EC7A000AE23B1 /* SchoolListDup.swift */; };
		46CD69EF2C54180100F7E77E /* StudentAppProfilxWorkingView.swift in Sources */ = {isa = PBXBuildFile; fileRef = 46CD69EE2C54180100F7E77E /* StudentAppProfilxWorkingView.swift */; };
		46CEE1B42AADF11500EDDC96 /* StudentAppProfileWorkingView.swift in Sources */ = {isa = PBXBuildFile; fileRef = 46CEE1B32AADF11500EDDC96 /* StudentAppProfileWorkingView.swift */; };
		46D07D8F2B742A7100D04B5B /* LiteralThings.swift in Sources */ = {isa = PBXBuildFile; fileRef = 46D07D8E2B742A7100D04B5B /* LiteralThings.swift */; };
		46D2A9A429DB4D12007B134E /* ImagePicker.swift in Sources */ = {isa = PBXBuildFile; fileRef = 46D2A9A329DB4D12007B134E /* ImagePicker.swift */; };
		46D6C82D29FE14EF009861FD /* StudentTeacherListView.swift in Sources */ = {isa = PBXBuildFile; fileRef = 46D6C82C29FE14EF009861FD /* StudentTeacherListView.swift */; };
		46D6C83029FE9D66009861FD /* ItemListSelectView.swift in Sources */ = {isa = PBXBuildFile; fileRef = 46D6C82F29FE9D66009861FD /* ItemListSelectView.swift */; };
		46E56DB12995E1C000CB2512 /* TestOutView.swift in Sources */ = {isa = PBXBuildFile; fileRef = 46E56DB02995E1C000CB2512 /* TestOutView.swift */; };
		46E56DB42996977A00CB2512 /* AuthenticateReturnObjct.swift in Sources */ = {isa = PBXBuildFile; fileRef = 46E56DB32996977A00CB2512 /* AuthenticateReturnObjct.swift */; };
		46E56DB729969F5600CB2512 /* UserDetailResponse.swift in Sources */ = {isa = PBXBuildFile; fileRef = 46E56DB629969F5600CB2512 /* UserDetailResponse.swift */; };
		46E56DBA2996B33800CB2512 /* ClassDetailResponse.swift in Sources */ = {isa = PBXBuildFile; fileRef = 46E56DB92996B33800CB2512 /* ClassDetailResponse.swift */; };
		46E56DBD2996B42500CB2512 /* SchoolClassResponse.swift in Sources */ = {isa = PBXBuildFile; fileRef = 46E56DBC2996B42500CB2512 /* SchoolClassResponse.swift */; };
		46E76A0929BB9AEF00A85466 /* ClassesViewModel.swift in Sources */ = {isa = PBXBuildFile; fileRef = 46E76A0829BB9AEF00A85466 /* ClassesViewModel.swift */; };
/* End PBXBuildFile section */

/* Begin PBXFileReference section */
		4608AC332EEA305B000523F0 /* AuthenticationManager.swift */ = {isa = PBXFileReference; lastKnownFileType = sourcecode.swift; path = AuthenticationManager.swift; sourceTree = "<group>"; };
		4608AC352EEA30E5000523F0 /* KeychainHelper.swift */ = {isa = PBXFileReference; lastKnownFileType = sourcecode.swift; path = KeychainHelper.swift; sourceTree = "<group>"; };
		4608AC372EEA3179000523F0 /* SettingsView.swift */ = {isa = PBXFileReference; lastKnownFileType = sourcecode.swift; path = SettingsView.swift; sourceTree = "<group>"; };
		4608AC382EEA3179000523F0 /* TeacherLoginView.swift */ = {isa = PBXFileReference; lastKnownFileType = sourcecode.swift; path = TeacherLoginView.swift; sourceTree = "<group>"; };
		4609120129D0811B000337E8 /* DashboardView.swift */ = {isa = PBXFileReference; fileEncoding = 4; lastKnownFileType = sourcecode.swift; path = DashboardView.swift; sourceTree = "<group>"; };
		460CC64E2B1D03760050437D /* AppConstants.swift */ = {isa = PBXFileReference; lastKnownFileType = sourcecode.swift; path = AppConstants.swift; sourceTree = "<group>"; };
		461044AA2C5D446100760FCE /* UserEditorContDPRepl.swift */ = {isa = PBXFileReference; lastKnownFileType = sourcecode.swift; path = UserEditorContDPRepl.swift; sourceTree = "<group>"; };
		461D21C9299C4A37008B7BD2 /* AddAUserResponse.swift */ = {isa = PBXFileReference; lastKnownFileType = sourcecode.swift; path = AddAUserResponse.swift; sourceTree = "<group>"; };
		461D21CB299D89DC008B7BD2 /* ClassDetailViewModel.swift */ = {isa = PBXFileReference; lastKnownFileType = sourcecode.swift; path = ClassDetailViewModel.swift; sourceTree = "<group>"; };
		461D21CD299D8A64008B7BD2 /* Student.swift */ = {isa = PBXFileReference; lastKnownFileType = sourcecode.swift; path = Student.swift; sourceTree = "<group>"; };
		461D89A32A6D4CA700678391 /* AppCategory.swift */ = {isa = PBXFileReference; lastKnownFileType = sourcecode.swift; path = AppCategory.swift; sourceTree = "<group>"; };
		461D89A52A6D4D2E00678391 /* Apps.swift */ = {isa = PBXFileReference; lastKnownFileType = sourcecode.swift; path = Apps.swift; sourceTree = "<group>"; };
		461D89A72A6D4D6900678391 /* CategorySymbols.swift */ = {isa = PBXFileReference; lastKnownFileType = sourcecode.swift; path = CategorySymbols.swift; sourceTree = "<group>"; };
		461D89A92A6D4D9700678391 /* CategoryColors.swift */ = {isa = PBXFileReference; lastKnownFileType = sourcecode.swift; path = CategoryColors.swift; sourceTree = "<group>"; };
		461D89AC2A6D4E3700678391 /* ItemsToSelectRepresentableStr.swift */ = {isa = PBXFileReference; lastKnownFileType = sourcecode.swift; path = ItemsToSelectRepresentableStr.swift; sourceTree = "<group>"; };
		461D89B02A6D82DE00678391 /* ItemListSelectViewStr.swift */ = {isa = PBXFileReference; lastKnownFileType = sourcecode.swift; path = ItemListSelectViewStr.swift; sourceTree = "<group>"; };
		461D89B22A6DC4C800678391 /* CategoryListView.swift */ = {isa = PBXFileReference; lastKnownFileType = sourcecode.swift; path = CategoryListView.swift; sourceTree = "<group>"; };
		461D89B42A6DC50100678391 /* CategoryEditorContView.swift */ = {isa = PBXFileReference; lastKnownFileType = sourcecode.swift; path = CategoryEditorContView.swift; sourceTree = "<group>"; };
		463366FE2993F34C00CF5EA3 /* showPawGenerated.md */ = {isa = PBXFileReference; lastKnownFileType = net.daringfireball.markdown; path = showPawGenerated.md; sourceTree = "<group>"; };
		46336704299452A600CF5EA3 /* CustomLabelStyle.swift */ = {isa = PBXFileReference; lastKnownFileType = sourcecode.swift; path = CustomLabelStyle.swift; sourceTree = "<group>"; };
		4634418C2AEB3DAD0074741D /* GoogleService-Info.plist */ = {isa = PBXFileReference; fileEncoding = 4; lastKnownFileType = text.plist.xml; path = "GoogleService-Info.plist"; sourceTree = "<group>"; };
		4634419B2AEB59530074741D /* FirestoreManager.swift */ = {isa = PBXFileReference; lastKnownFileType = sourcecode.swift; path = FirestoreManager.swift; sourceTree = "<group>"; };
		463BEDCA2A41507000A1FBD8 /* LessonsListResponse.swift */ = {isa = PBXFileReference; lastKnownFileType = sourcecode.swift; path = LessonsListResponse.swift; sourceTree = "<group>"; };
		46492B1B29F5CA9300699F96 /* StudentPicStubViewModel.swift */ = {isa = PBXFileReference; lastKnownFileType = sourcecode.swift; path = StudentPicStubViewModel.swift; sourceTree = "<group>"; };
		464B6AD42A77D439008BF37F /* CategoryDisclosureView.swift */ = {isa = PBXFileReference; lastKnownFileType = sourcecode.swift; path = CategoryDisclosureView.swift; sourceTree = "<group>"; };
		465057842B23673100AC7F3C /* TeacherItems.swift */ = {isa = PBXFileReference; lastKnownFileType = sourcecode.swift; path = TeacherItems.swift; sourceTree = "<group>"; };
		465669932B1A251900195925 /* MDMGroupsResponse.swift */ = {isa = PBXFileReference; lastKnownFileType = sourcecode.swift; path = MDMGroupsResponse.swift; sourceTree = "<group>"; };
		465669952B1A257700195925 /* MDMGroup.swift */ = {isa = PBXFileReference; lastKnownFileType = sourcecode.swift; path = MDMGroup.swift; sourceTree = "<group>"; };
		46584FC62993E1040025F539 /* appi4Manager.app */ = {isa = PBXFileReference; explicitFileType = wrapper.application; includeInIndex = 0; path = appi4Manager.app; sourceTree = BUILT_PRODUCTS_DIR; };
		46584FC92993E1040025F539 /* list_the_usersApp.swift */ = {isa = PBXFileReference; lastKnownFileType = sourcecode.swift; path = list_the_usersApp.swift; sourceTree = "<group>"; };
		46584FCD2993E1060025F539 /* Assets.xcassets */ = {isa = PBXFileReference; lastKnownFileType = folder.assetcatalog; path = Assets.xcassets; sourceTree = "<group>"; };
		46584FD02993E1060025F539 /* Preview Assets.xcassets */ = {isa = PBXFileReference; lastKnownFileType = folder.assetcatalog; path = "Preview Assets.xcassets"; sourceTree = "<group>"; };
		46584FDA2993EAF40025F539 /* User.swift */ = {isa = PBXFileReference; lastKnownFileType = sourcecode.swift; path = User.swift; sourceTree = "<group>"; };
		46584FDC2993EB650025F539 /* UserResponse.swift */ = {isa = PBXFileReference; lastKnownFileType = sourcecode.swift; path = UserResponse.swift; sourceTree = "<group>"; };
		46584FDE2993ECD50025F539 /* UsersViewModel.swift */ = {isa = PBXFileReference; lastKnownFileType = sourcecode.swift; path = UsersViewModel.swift; sourceTree = "<group>"; };
		46584FE12993EE780025F539 /* Users.json */ = {isa = PBXFileReference; fileEncoding = 4; lastKnownFileType = text.json; path = Users.json; sourceTree = "<group>"; };
		46584FE42993F03C0025F539 /* ApiManager.swift */ = {isa = PBXFileReference; lastKnownFileType = sourcecode.swift; path = ApiManager.swift; sourceTree = "<group>"; };
		46584FE62993F0960025F539 /* ApiHelper.swift */ = {isa = PBXFileReference; lastKnownFileType = sourcecode.swift; path = ApiHelper.swift; sourceTree = "<group>"; };
		46584FE82993F0C40025F539 /* ApiError.swift */ = {isa = PBXFileReference; lastKnownFileType = sourcecode.swift; path = ApiError.swift; sourceTree = "<group>"; };
		46584FEA2993F10F0025F539 /* ApiEndpoint.swift */ = {isa = PBXFileReference; lastKnownFileType = sourcecode.swift; path = ApiEndpoint.swift; sourceTree = "<group>"; };
		465B164F2AA0ED39000ED633 /* MockSetupAppProfileView.swift */ = {isa = PBXFileReference; lastKnownFileType = sourcecode.swift; path = MockSetupAppProfileView.swift; sourceTree = "<group>"; };
		465B16512AA14D28000ED633 /* MockBareBones.swift */ = {isa = PBXFileReference; lastKnownFileType = sourcecode.swift; path = MockBareBones.swift; sourceTree = "<group>"; };
		4664639A2B46EABF0017A639 /* TheDevice.swift */ = {isa = PBXFileReference; lastKnownFileType = sourcecode.swift; path = TheDevice.swift; sourceTree = "<group>"; };
		4664639C2B46EB0F0017A639 /* DeviceListResponse.swift */ = {isa = PBXFileReference; lastKnownFileType = sourcecode.swift; path = DeviceListResponse.swift; sourceTree = "<group>"; };
		4664639E2B46FE650017A639 /* DevicesViewModel.swift */ = {isa = PBXFileReference; lastKnownFileType = sourcecode.swift; path = DevicesViewModel.swift; sourceTree = "<group>"; };
		466463A02B4711B50017A639 /* DeviceListView.swift */ = {isa = PBXFileReference; lastKnownFileType = sourcecode.swift; name = DeviceListView.swift; path = appi4Manager/ContentViews/Device/DeviceListView.swift; sourceTree = SOURCE_ROOT; };
		46690D772A9D556F00C899FF /* MockFromStudentScreenView.swift */ = {isa = PBXFileReference; lastKnownFileType = sourcecode.swift; path = MockFromStudentScreenView.swift; sourceTree = "<group>"; };
		46690D792A9D57B800C899FF /* MockToStudentScreenView.swift */ = {isa = PBXFileReference; lastKnownFileType = sourcecode.swift; path = MockToStudentScreenView.swift; sourceTree = "<group>"; };
		466EC6FC2A42609D007EEEDB /* LessonDetailResponse.swift */ = {isa = PBXFileReference; lastKnownFileType = sourcecode.swift; path = LessonDetailResponse.swift; sourceTree = "<group>"; };
		466FF03C2A7050C8002946F7 /* Components.swift */ = {isa = PBXFileReference; lastKnownFileType = sourcecode.swift; path = Components.swift; sourceTree = "<group>"; };
		46786B752A24D97C000F6716 /* UserListDup.swift */ = {isa = PBXFileReference; lastKnownFileType = sourcecode.swift; path = UserListDup.swift; sourceTree = "<group>"; };
		46786B772A24D9A6000F6716 /* UserEditorContDup.swift */ = {isa = PBXFileReference; lastKnownFileType = sourcecode.swift; path = UserEditorContDup.swift; sourceTree = "<group>"; };
		46786B792A24E5E7000F6716 /* UserCardVwDup.swift */ = {isa = PBXFileReference; lastKnownFileType = sourcecode.swift; path = UserCardVwDup.swift; sourceTree = "<group>"; };
		4681B1F42C4E8C0D001DB2F4 /* TestMVVMView.swift */ = {isa = PBXFileReference; lastKnownFileType = sourcecode.swift; path = TestMVVMView.swift; sourceTree = "<group>"; };
		469420F129C7ED67004B8CB4 /* ExtensionsAndMore.swift */ = {isa = PBXFileReference; lastKnownFileType = sourcecode.swift; path = ExtensionsAndMore.swift; sourceTree = "<group>"; };
		4698CA272A2D600A00D8A888 /* ImageProcessingError.swift */ = {isa = PBXFileReference; lastKnownFileType = sourcecode.swift; path = ImageProcessingError.swift; sourceTree = "<group>"; };
		4698CA292A2E1FE200D8A888 /* BlockingOverlayView.swift */ = {isa = PBXFileReference; lastKnownFileType = sourcecode.swift; path = BlockingOverlayView.swift; sourceTree = "<group>"; };
		4699901F2C4F14E200C102A8 /* StudentAppProfileFS.swift */ = {isa = PBXFileReference; lastKnownFileType = sourcecode.swift; path = StudentAppProfileFS.swift; sourceTree = "<group>"; };
		469EFF202A6ED33F0047E8BC /* AppResponse.swift */ = {isa = PBXFileReference; lastKnownFileType = sourcecode.swift; path = AppResponse.swift; sourceTree = "<group>"; };
		469EFF222A6F40F30047E8BC /* AppxViewModel.swift */ = {isa = PBXFileReference; lastKnownFileType = sourcecode.swift; path = AppxViewModel.swift; sourceTree = "<group>"; };
		469EFF252A6F6D400047E8BC /* AppxView.swift */ = {isa = PBXFileReference; lastKnownFileType = sourcecode.swift; path = AppxView.swift; sourceTree = "<group>"; };
		469F90C92B63DEDD00E85AF2 /* TestDEstFromClassView.swift */ = {isa = PBXFileReference; lastKnownFileType = sourcecode.swift; path = TestDEstFromClassView.swift; sourceTree = "<group>"; };
		469F90CB2B63E00700E85AF2 /* SwiftUIView.swift */ = {isa = PBXFileReference; lastKnownFileType = sourcecode.swift; path = SwiftUIView.swift; sourceTree = "<group>"; };
		469F90CD2B6419F400E85AF2 /* TestSchoolListView.swift */ = {isa = PBXFileReference; lastKnownFileType = sourcecode.swift; path = TestSchoolListView.swift; sourceTree = "<group>"; };
		46A80E182A1153A2008B936D /* SchoolClassEditorContDup.swift */ = {isa = PBXFileReference; lastKnownFileType = sourcecode.swift; path = SchoolClassEditorContDup.swift; sourceTree = "<group>"; };
		46A8BF7A2B47248600E5FF2D /* DeviceListVW.swift */ = {isa = PBXFileReference; lastKnownFileType = sourcecode.swift; path = DeviceListVW.swift; sourceTree = "<group>"; };
		46AE58A92AEBDB79005A3C20 /* MiscExtensions.swift */ = {isa = PBXFileReference; lastKnownFileType = sourcecode.swift; path = MiscExtensions.swift; sourceTree = "<group>"; };
		46AEA64029C8E57900D2B994 /* LocationsResponse.swift */ = {isa = PBXFileReference; lastKnownFileType = sourcecode.swift; path = LocationsResponse.swift; sourceTree = "<group>"; };
		46B8239B2A71CEC100C85942 /* ItemListSelectViewWithPic.swift */ = {isa = PBXFileReference; lastKnownFileType = sourcecode.swift; path = ItemListSelectViewWithPic.swift; sourceTree = "<group>"; };
		46BAB4842B30949A00C155B9 /* TimeOfDay.swift */ = {isa = PBXFileReference; lastKnownFileType = sourcecode.swift; path = TimeOfDay.swift; sourceTree = "<group>"; };
		46BAB4862B3094D900C155B9 /* DayOfWeek.swift */ = {isa = PBXFileReference; lastKnownFileType = sourcecode.swift; path = DayOfWeek.swift; sourceTree = "<group>"; };
		46BAB4882B30956600C155B9 /* StudentAppProfilex.swift */ = {isa = PBXFileReference; lastKnownFileType = sourcecode.swift; path = StudentAppProfilex.swift; sourceTree = "<group>"; };
		46BAB48A2B30959B00C155B9 /* StudentAppProfileManager.swift */ = {isa = PBXFileReference; lastKnownFileType = sourcecode.swift; path = StudentAppProfileManager.swift; sourceTree = "<group>"; };
		46BAB48D2B309F5000C155B9 /* ProfileErrors.swift */ = {isa = PBXFileReference; lastKnownFileType = sourcecode.swift; path = ProfileErrors.swift; sourceTree = "<group>"; };
		46BAB48F2B309F7500C155B9 /* DailySessionConfiguration.swift */ = {isa = PBXFileReference; lastKnownFileType = sourcecode.swift; path = DailySessionConfiguration.swift; sourceTree = "<group>"; };
		46BAB4912B30A01400C155B9 /* DailySessions.swift */ = {isa = PBXFileReference; lastKnownFileType = sourcecode.swift; path = DailySessions.swift; sourceTree = "<group>"; };
		46BAB4942B30A07900C155B9 /* Session.swift */ = {isa = PBXFileReference; lastKnownFileType = sourcecode.swift; path = Session.swift; sourceTree = "<group>"; };
		46BAB4972B30A48400C155B9 /* SchoolClassError.swift */ = {isa = PBXFileReference; lastKnownFileType = sourcecode.swift; path = SchoolClassError.swift; sourceTree = "<group>"; };
		46BD34E429BE236D002A8395 /* CreateaClassResponse.swift */ = {isa = PBXFileReference; lastKnownFileType = sourcecode.swift; path = CreateaClassResponse.swift; sourceTree = "<group>"; };
		46BD73132A0EC7A000AE23B1 /* SchoolListDup.swift */ = {isa = PBXFileReference; lastKnownFileType = sourcecode.swift; path = SchoolListDup.swift; sourceTree = "<group>"; };
		46CD69EE2C54180100F7E77E /* StudentAppProfilxWorkingView.swift */ = {isa = PBXFileReference; lastKnownFileType = sourcecode.swift; path = StudentAppProfilxWorkingView.swift; sourceTree = "<group>"; };
		46CEE1B32AADF11500EDDC96 /* StudentAppProfileWorkingView.swift */ = {isa = PBXFileReference; lastKnownFileType = sourcecode.swift; path = StudentAppProfileWorkingView.swift; sourceTree = "<group>"; };
		46D07D8E2B742A7100D04B5B /* LiteralThings.swift */ = {isa = PBXFileReference; lastKnownFileType = sourcecode.swift; path = LiteralThings.swift; sourceTree = "<group>"; };
		46D2A9A329DB4D12007B134E /* ImagePicker.swift */ = {isa = PBXFileReference; lastKnownFileType = sourcecode.swift; path = ImagePicker.swift; sourceTree = "<group>"; };
		46D6C82C29FE14EF009861FD /* StudentTeacherListView.swift */ = {isa = PBXFileReference; lastKnownFileType = sourcecode.swift; path = StudentTeacherListView.swift; sourceTree = "<group>"; };
		46D6C82F29FE9D66009861FD /* ItemListSelectView.swift */ = {isa = PBXFileReference; lastKnownFileType = sourcecode.swift; path = ItemListSelectView.swift; sourceTree = "<group>"; };
		46E56DB02995E1C000CB2512 /* TestOutView.swift */ = {isa = PBXFileReference; lastKnownFileType = sourcecode.swift; path = TestOutView.swift; sourceTree = "<group>"; };
		46E56DB32996977A00CB2512 /* AuthenticateReturnObjct.swift */ = {isa = PBXFileReference; fileEncoding = 4; lastKnownFileType = sourcecode.swift; path = AuthenticateReturnObjct.swift; sourceTree = "<group>"; };
		46E56DB629969F5600CB2512 /* UserDetailResponse.swift */ = {isa = PBXFileReference; fileEncoding = 4; lastKnownFileType = sourcecode.swift; path = UserDetailResponse.swift; sourceTree = "<group>"; };
		46E56DB92996B33800CB2512 /* ClassDetailResponse.swift */ = {isa = PBXFileReference; fileEncoding = 4; lastKnownFileType = sourcecode.swift; path = ClassDetailResponse.swift; sourceTree = "<group>"; };
		46E56DBC2996B42500CB2512 /* SchoolClassResponse.swift */ = {isa = PBXFileReference; fileEncoding = 4; lastKnownFileType = sourcecode.swift; path = SchoolClassResponse.swift; sourceTree = "<group>"; };
		46E76A0829BB9AEF00A85466 /* ClassesViewModel.swift */ = {isa = PBXFileReference; lastKnownFileType = sourcecode.swift; path = ClassesViewModel.swift; sourceTree = "<group>"; };
/* End PBXFileReference section */

/* Begin PBXFrameworksBuildPhase section */
		46584FC32993E1040025F539 /* Frameworks */ = {
			isa = PBXFrameworksBuildPhase;
			buildActionMask = 2147483647;
			files = (
				463441922AEB3F3A0074741D /* FirebaseDatabaseSwift in Frameworks */,
				463441902AEB3F3A0074741D /* FirebaseDatabase in Frameworks */,
				463441942AEB3F3A0074741D /* FirebaseFirestore in Frameworks */,
				463441962AEB3F3A0074741D /* FirebaseFirestoreSwift in Frameworks */,
			);
			runOnlyForDeploymentPostprocessing = 0;
		};
/* End PBXFrameworksBuildPhase section */

/* Begin PBXGroup section */
		4608AC392EEA3179000523F0 /* settings */ = {
			isa = PBXGroup;
			children = (
				4608AC372EEA3179000523F0 /* SettingsView.swift */,
				4608AC382EEA3179000523F0 /* TeacherLoginView.swift */,
			);
			path = settings;
			sourceTree = "<group>";
		};
		4619CE402A8D0F1A006CB8D1 /* StudentAppProfileMock */ = {
			isa = PBXGroup;
			children = (
				46690D7B2A9D5D7300C899FF /* MocktoandFrom */,
				469F90CB2B63E00700E85AF2 /* SwiftUIView.swift */,
			);
			path = StudentAppProfileMock;
			sourceTree = "<group>";
		};
		461A82E82A6DD09A00DAC90C /* Sources */ = {
			isa = PBXGroup;
			children = (
				461D89A92A6D4D9700678391 /* CategoryColors.swift */,
				461D89A72A6D4D6900678391 /* CategorySymbols.swift */,
			);
			path = Sources;
			sourceTree = "<group>";
		};
		461D21C8299C4A17008B7BD2 /* createClass */ = {
			isa = PBXGroup;
			children = (
				46BD34E429BE236D002A8395 /* CreateaClassResponse.swift */,
			);
			path = createClass;
			sourceTree = "<group>";
		};
		461D89A12A6D4C5D00678391 /* AppCategory */ = {
			isa = PBXGroup;
			children = (
				461D89A32A6D4CA700678391 /* AppCategory.swift */,
			);
			path = AppCategory;
			sourceTree = "<group>";
		};
		461D89A22A6D4C7600678391 /* App */ = {
			isa = PBXGroup;
			children = (
				461D89A52A6D4D2E00678391 /* Apps.swift */,
				469EFF202A6ED33F0047E8BC /* AppResponse.swift */,
			);
			path = App;
			sourceTree = "<group>";
		};
		461D89AB2A6D4E0400678391 /* protols+Extensions */ = {
			isa = PBXGroup;
			children = (
				469420F129C7ED67004B8CB4 /* ExtensionsAndMore.swift */,
				465057842B23673100AC7F3C /* TeacherItems.swift */,
				461D89AC2A6D4E3700678391 /* ItemsToSelectRepresentableStr.swift */,
				46AE58A92AEBDB79005A3C20 /* MiscExtensions.swift */,
				460CC64E2B1D03760050437D /* AppConstants.swift */,
				46D07D8E2B742A7100D04B5B /* LiteralThings.swift */,
			);
			path = "protols+Extensions";
			sourceTree = "<group>";
		};
		461D89AE2A6D4E7900678391 /* categories */ = {
			isa = PBXGroup;
			children = (
				464B6AD42A77D439008BF37F /* CategoryDisclosureView.swift */,
				461D89B22A6DC4C800678391 /* CategoryListView.swift */,
				461D89AF2A6D82BD00678391 /* subview */,
				466FF03B2A70509F002946F7 /* CategoryEditorContView */,
			);
			path = categories;
			sourceTree = "<group>";
		};
		461D89AF2A6D82BD00678391 /* subview */ = {
			isa = PBXGroup;
			children = (
				461D89B02A6D82DE00678391 /* ItemListSelectViewStr.swift */,
				46B8239B2A71CEC100C85942 /* ItemListSelectViewWithPic.swift */,
			);
			path = subview;
			sourceTree = "<group>";
		};
		463367032994527E00CF5EA3 /* Custom Styles */ = {
			isa = PBXGroup;
			children = (
				46336704299452A600CF5EA3 /* CustomLabelStyle.swift */,
			);
			path = "Custom Styles";
			sourceTree = "<group>";
		};
		46336708299528F900CF5EA3 /* ContentViews */ = {
			isa = PBXGroup;
			children = (
				4608AC392EEA3179000523F0 /* settings */,
				46BAB49A2B30B4F600C155B9 /* subContentView */,
				4699A1132A1CDF4400D8829C /* startUp */,
				46A2BCE929F1DA6B00882816 /* dashboard */,
				466463A22B4711C80017A639 /* device */,
				46E76A0C29BE05BD00A85466 /* user */,
				46E76A0D29BE05DE00A85466 /* classes */,
				461D89AE2A6D4E7900678391 /* categories */,
				469EFF242A6F6D1D0047E8BC /* apps */,
				46BAB4822B307AE300C155B9 /* for testing */,
			);
			path = ContentViews;
			sourceTree = "<group>";
		};
		4634419A2AEB59130074741D /* Services */ = {
			isa = PBXGroup;
			children = (
				4608AC352EEA30E5000523F0 /* KeychainHelper.swift */,
				4608AC332EEA305B000523F0 /* AuthenticationManager.swift */,
				4634419B2AEB59530074741D /* FirestoreManager.swift */,
			);
			path = Services;
			sourceTree = "<group>";
		};
		463BEDC92A41503100A1FBD8 /* Lessons */ = {
			isa = PBXGroup;
			children = (
				463BEDCA2A41507000A1FBD8 /* LessonsListResponse.swift */,
				466EC6FC2A42609D007EEEDB /* LessonDetailResponse.swift */,
			);
			path = Lessons;
			sourceTree = "<group>";
		};
		465669922B1A24DA00195925 /* Groups */ = {
			isa = PBXGroup;
			children = (
				465669932B1A251900195925 /* MDMGroupsResponse.swift */,
				465669952B1A257700195925 /* MDMGroup.swift */,
			);
			path = Groups;
			sourceTree = "<group>";
		};
		46584FBD2993E1040025F539 = {
			isa = PBXGroup;
			children = (
				46584FC82993E1040025F539 /* appi4Manager */,
				46584FC72993E1040025F539 /* Products */,
			);
			sourceTree = "<group>";
		};
		46584FC72993E1040025F539 /* Products */ = {
			isa = PBXGroup;
			children = (
				46584FC62993E1040025F539 /* appi4Manager.app */,
			);
			name = Products;
			sourceTree = "<group>";
		};
		46584FC82993E1040025F539 /* appi4Manager */ = {
			isa = PBXGroup;
			children = (
				46336708299528F900CF5EA3 /* ContentViews */,
				46BAB4992B30AC8F00C155B9 /* ViewModels */,
				46584FD72993EA9C0025F539 /* Models */,
				4634419A2AEB59130074741D /* Services */,
				46584FE32993EFEF0025F539 /* Api */,
				463367032994527E00CF5EA3 /* Custom Styles */,
				461A82E82A6DD09A00DAC90C /* Sources */,
				461D89AB2A6D4E0400678391 /* protols+Extensions */,
				46584FE02993EE460025F539 /* Resources */,
				4681B1F32C4E8BD9001DB2F4 /* Explore */,
				46584FCF2993E1060025F539 /* Preview Content */,
				46584FCD2993E1060025F539 /* Assets.xcassets */,
				4634418C2AEB3DAD0074741D /* GoogleService-Info.plist */,
			);
			path = appi4Manager;
			sourceTree = "<group>";
		};
		46584FCF2993E1060025F539 /* Preview Content */ = {
			isa = PBXGroup;
			children = (
				46584FD02993E1060025F539 /* Preview Assets.xcassets */,
			);
			path = "Preview Content";
			sourceTree = "<group>";
		};
		46584FD72993EA9C0025F539 /* Models */ = {
			isa = PBXGroup;
			children = (
				466463992B46EA9A0017A639 /* Device */,
				46BAB4832B30946100C155B9 /* StudentAppProfileGroup */,
				46BAB49B2B30B78200C155B9 /* classesSchool */,
				461D89A22A6D4C7600678391 /* App */,
				461D89A12A6D4C5D00678391 /* AppCategory */,
				463BEDC92A41503100A1FBD8 /* Lessons */,
				46D2A9A229DB4CC1007B134E /* ImagePicker */,
				46AEA63F29C8E50500D2B994 /* Locations */,
				46E56DB22996974400CB2512 /* TeacherAuthentication */,
				465669922B1A24DA00195925 /* Groups */,
				46584FD82993EAAC0025F539 /* Users */,
			);
			path = Models;
			sourceTree = "<group>";
		};
		46584FD82993EAAC0025F539 /* Users */ = {
			isa = PBXGroup;
			children = (
				461D21C9299C4A37008B7BD2 /* AddAUserResponse.swift */,
				461D21CD299D8A64008B7BD2 /* Student.swift */,
				46584FDA2993EAF40025F539 /* User.swift */,
				46584FDC2993EB650025F539 /* UserResponse.swift */,
				46E56DB629969F5600CB2512 /* UserDetailResponse.swift */,
			);
			path = Users;
			sourceTree = "<group>";
		};
		46584FE02993EE460025F539 /* Resources */ = {
			isa = PBXGroup;
			children = (
				46584FE12993EE780025F539 /* Users.json */,
				463366FE2993F34C00CF5EA3 /* showPawGenerated.md */,
			);
			path = Resources;
			sourceTree = "<group>";
		};
		46584FE32993EFEF0025F539 /* Api */ = {
			isa = PBXGroup;
			children = (
				46BAB4972B30A48400C155B9 /* SchoolClassError.swift */,
				46584FEA2993F10F0025F539 /* ApiEndpoint.swift */,
				46584FE42993F03C0025F539 /* ApiManager.swift */,
				46584FE62993F0960025F539 /* ApiHelper.swift */,
				46584FE82993F0C40025F539 /* ApiError.swift */,
			);
			path = Api;
			sourceTree = "<group>";
		};
		466463992B46EA9A0017A639 /* Device */ = {
			isa = PBXGroup;
			children = (
				4664639A2B46EABF0017A639 /* TheDevice.swift */,
				4664639C2B46EB0F0017A639 /* DeviceListResponse.swift */,
			);
			path = Device;
			sourceTree = "<group>";
		};
		466463A22B4711C80017A639 /* device */ = {
			isa = PBXGroup;
			children = (
				466463A02B4711B50017A639 /* DeviceListView.swift */,
				46A8BF7A2B47248600E5FF2D /* DeviceListVW.swift */,
			);
			path = device;
			sourceTree = "<group>";
		};
		46690D7B2A9D5D7300C899FF /* MocktoandFrom */ = {
			isa = PBXGroup;
			children = (
				46690D772A9D556F00C899FF /* MockFromStudentScreenView.swift */,
				46690D792A9D57B800C899FF /* MockToStudentScreenView.swift */,
				465B16512AA14D28000ED633 /* MockBareBones.swift */,
				465B164F2AA0ED39000ED633 /* MockSetupAppProfileView.swift */,
			);
			path = MocktoandFrom;
			sourceTree = "<group>";
		};
		466FF03B2A70509F002946F7 /* CategoryEditorContView */ = {
			isa = PBXGroup;
			children = (
				461D89B42A6DC50100678391 /* CategoryEditorContView.swift */,
				466FF03C2A7050C8002946F7 /* Components.swift */,
			);
			path = CategoryEditorContView;
			sourceTree = "<group>";
		};
		4681B1F32C4E8BD9001DB2F4 /* Explore */ = {
			isa = PBXGroup;
			children = (
				4681B1F42C4E8C0D001DB2F4 /* TestMVVMView.swift */,
				461044AA2C5D446100760FCE /* UserEditorContDPRepl.swift */,
			);
			path = Explore;
			sourceTree = "<group>";
		};
		4699A1132A1CDF4400D8829C /* startUp */ = {
			isa = PBXGroup;
			children = (
				46584FC92993E1040025F539 /* list_the_usersApp.swift */,
			);
			path = startUp;
			sourceTree = "<group>";
		};
		469EFF242A6F6D1D0047E8BC /* apps */ = {
			isa = PBXGroup;
			children = (
				469EFF252A6F6D400047E8BC /* AppxView.swift */,
			);
			path = apps;
			sourceTree = "<group>";
		};
		46A2BCE929F1DA6B00882816 /* dashboard */ = {
			isa = PBXGroup;
			children = (
				4609120129D0811B000337E8 /* DashboardView.swift */,
			);
			path = dashboard;
			sourceTree = "<group>";
		};
		46AEA63F29C8E50500D2B994 /* Locations */ = {
			isa = PBXGroup;
			children = (
				46AEA64029C8E57900D2B994 /* LocationsResponse.swift */,
			);
			path = Locations;
			sourceTree = "<group>";
		};
		46BAB4822B307AE300C155B9 /* for testing */ = {
			isa = PBXGroup;
			children = (
				46E56DB02995E1C000CB2512 /* TestOutView.swift */,
				4619CE402A8D0F1A006CB8D1 /* StudentAppProfileMock */,
				469F90C92B63DEDD00E85AF2 /* TestDEstFromClassView.swift */,
				469F90CD2B6419F400E85AF2 /* TestSchoolListView.swift */,
			);
			path = "for testing";
			sourceTree = "<group>";
		};
		46BAB4832B30946100C155B9 /* StudentAppProfileGroup */ = {
			isa = PBXGroup;
			children = (
				46BAB4842B30949A00C155B9 /* TimeOfDay.swift */,
				46BAB4862B3094D900C155B9 /* DayOfWeek.swift */,
				46BAB4882B30956600C155B9 /* StudentAppProfilex.swift */,
				4699901F2C4F14E200C102A8 /* StudentAppProfileFS.swift */,
				46BAB48A2B30959B00C155B9 /* StudentAppProfileManager.swift */,
				46BAB48D2B309F5000C155B9 /* ProfileErrors.swift */,
				46BAB48F2B309F7500C155B9 /* DailySessionConfiguration.swift */,
				46BAB4932B30A04F00C155B9 /* theSessions */,
			);
			path = StudentAppProfileGroup;
			sourceTree = "<group>";
		};
		46BAB48C2B30979800C155B9 /* studentAppProfile */ = {
			isa = PBXGroup;
			children = (
				46CEE1B32AADF11500EDDC96 /* StudentAppProfileWorkingView.swift */,
				46CD69EE2C54180100F7E77E /* StudentAppProfilxWorkingView.swift */,
			);
			path = studentAppProfile;
			sourceTree = "<group>";
		};
		46BAB4932B30A04F00C155B9 /* theSessions */ = {
			isa = PBXGroup;
			children = (
				46BAB4912B30A01400C155B9 /* DailySessions.swift */,
				46BAB4942B30A07900C155B9 /* Session.swift */,
			);
			path = theSessions;
			sourceTree = "<group>";
		};
		46BAB4992B30AC8F00C155B9 /* ViewModels */ = {
			isa = PBXGroup;
			children = (
				46492B1B29F5CA9300699F96 /* StudentPicStubViewModel.swift */,
				461D21CB299D89DC008B7BD2 /* ClassDetailViewModel.swift */,
				46584FDE2993ECD50025F539 /* UsersViewModel.swift */,
				469EFF222A6F40F30047E8BC /* AppxViewModel.swift */,
				46E76A0829BB9AEF00A85466 /* ClassesViewModel.swift */,
				4664639E2B46FE650017A639 /* DevicesViewModel.swift */,
			);
			path = ViewModels;
			sourceTree = "<group>";
		};
		46BAB49A2B30B4F600C155B9 /* subContentView */ = {
			isa = PBXGroup;
			children = (
				46BAB48C2B30979800C155B9 /* studentAppProfile */,
			);
			path = subContentView;
			sourceTree = "<group>";
		};
		46BAB49B2B30B78200C155B9 /* classesSchool */ = {
			isa = PBXGroup;
			children = (
				461D21C8299C4A17008B7BD2 /* createClass */,
				46E56DB82996B31200CB2512 /* ClassDetail */,
				46E56DBB2996B3FF00CB2512 /* SchoolClasses */,
			);
			path = classesSchool;
			sourceTree = "<group>";
		};
		46D2A9A229DB4CC1007B134E /* ImagePicker */ = {
			isa = PBXGroup;
			children = (
				46D2A9A329DB4D12007B134E /* ImagePicker.swift */,
				4698CA272A2D600A00D8A888 /* ImageProcessingError.swift */,
			);
			path = ImagePicker;
			sourceTree = "<group>";
		};
		46D6C82E29FE1542009861FD /* subView */ = {
			isa = PBXGroup;
			children = (
				46D6C82C29FE14EF009861FD /* StudentTeacherListView.swift */,
				46D6C82F29FE9D66009861FD /* ItemListSelectView.swift */,
			);
			path = subView;
			sourceTree = "<group>";
		};
		46E56DB22996974400CB2512 /* TeacherAuthentication */ = {
			isa = PBXGroup;
			children = (
				46E56DB32996977A00CB2512 /* AuthenticateReturnObjct.swift */,
			);
			path = TeacherAuthentication;
			sourceTree = "<group>";
		};
		46E56DB82996B31200CB2512 /* ClassDetail */ = {
			isa = PBXGroup;
			children = (
				46E56DB92996B33800CB2512 /* ClassDetailResponse.swift */,
			);
			path = ClassDetail;
			sourceTree = "<group>";
		};
		46E56DBB2996B3FF00CB2512 /* SchoolClasses */ = {
			isa = PBXGroup;
			children = (
				46E56DBC2996B42500CB2512 /* SchoolClassResponse.swift */,
			);
			path = SchoolClasses;
			sourceTree = "<group>";
		};
		46E76A0C29BE05BD00A85466 /* user */ = {
			isa = PBXGroup;
			children = (
				46786B752A24D97C000F6716 /* UserListDup.swift */,
				46786B792A24E5E7000F6716 /* UserCardVwDup.swift */,
				46786B772A24D9A6000F6716 /* UserEditorContDup.swift */,
				4698CA292A2E1FE200D8A888 /* BlockingOverlayView.swift */,
			);
			path = user;
			sourceTree = "<group>";
		};
		46E76A0D29BE05DE00A85466 /* classes */ = {
			isa = PBXGroup;
			children = (
				46BD73132A0EC7A000AE23B1 /* SchoolListDup.swift */,
				46A80E182A1153A2008B936D /* SchoolClassEditorContDup.swift */,
				46D6C82E29FE1542009861FD /* subView */,
			);
			path = classes;
			sourceTree = "<group>";
		};
/* End PBXGroup section */

/* Begin PBXNativeTarget section */
		46584FC52993E1040025F539 /* appi4Manager */ = {
			isa = PBXNativeTarget;
			buildConfigurationList = 46584FD42993E1060025F539 /* Build configuration list for PBXNativeTarget "appi4Manager" */;
			buildPhases = (
				46584FC22993E1040025F539 /* Sources */,
				46584FC32993E1040025F539 /* Frameworks */,
				46584FC42993E1040025F539 /* Resources */,
			);
			buildRules = (
			);
			dependencies = (
			);
			name = appi4Manager;
			packageProductDependencies = (
				4634418F2AEB3F3A0074741D /* FirebaseDatabase */,
				463441912AEB3F3A0074741D /* FirebaseDatabaseSwift */,
				463441932AEB3F3A0074741D /* FirebaseFirestore */,
				463441952AEB3F3A0074741D /* FirebaseFirestoreSwift */,
			);
			productName = "list the users";
			productReference = 46584FC62993E1040025F539 /* appi4Manager.app */;
			productType = "com.apple.product-type.application";
		};
/* End PBXNativeTarget section */

/* Begin PBXProject section */
		46584FBE2993E1040025F539 /* Project object */ = {
			isa = PBXProject;
			attributes = {
				BuildIndependentTargetsInParallel = 1;
				LastSwiftUpdateCheck = 1400;
				LastUpgradeCheck = 1400;
				TargetAttributes = {
					46584FC52993E1040025F539 = {
						CreatedOnToolsVersion = 14.0;
					};
				};
			};
			buildConfigurationList = 46584FC12993E1040025F539 /* Build configuration list for PBXProject "appi4Manager" */;
			compatibilityVersion = "Xcode 14.0";
			developmentRegion = en;
			hasScannedForEncodings = 0;
			knownRegions = (
				en,
				Base,
			);
			mainGroup = 46584FBD2993E1040025F539;
			packageReferences = (
				4634418E2AEB3F390074741D /* XCRemoteSwiftPackageReference "firebase-ios-sdk" */,
			);
			productRefGroup = 46584FC72993E1040025F539 /* Products */;
			projectDirPath = "";
			projectRoot = "";
			targets = (
				46584FC52993E1040025F539 /* appi4Manager */,
			);
		};
/* End PBXProject section */

/* Begin PBXResourcesBuildPhase section */
		46584FC42993E1040025F539 /* Resources */ = {
			isa = PBXResourcesBuildPhase;
			buildActionMask = 2147483647;
			files = (
				46584FE22993EE780025F539 /* Users.json in Resources */,
				4634418D2AEB3DAE0074741D /* GoogleService-Info.plist in Resources */,
				46584FD12993E1060025F539 /* Preview Assets.xcassets in Resources */,
				46584FCE2993E1060025F539 /* Assets.xcassets in Resources */,
			);
			runOnlyForDeploymentPostprocessing = 0;
		};
/* End PBXResourcesBuildPhase section */

/* Begin PBXSourcesBuildPhase section */
		46584FC22993E1040025F539 /* Sources */ = {
			isa = PBXSourcesBuildPhase;
			buildActionMask = 2147483647;
			files = (
				46CD69EF2C54180100F7E77E /* StudentAppProfilxWorkingView.swift in Sources */,
				461D89B32A6DC4C800678391 /* CategoryListView.swift in Sources */,
				463BEDCB2A41507000A1FBD8 /* LessonsListResponse.swift in Sources */,
				461D89AD2A6D4E3700678391 /* ItemsToSelectRepresentableStr.swift in Sources */,
				465669942B1A251900195925 /* MDMGroupsResponse.swift in Sources */,
				46D6C83029FE9D66009861FD /* ItemListSelectView.swift in Sources */,
				460CC64F2B1D03760050437D /* AppConstants.swift in Sources */,
				46584FCA2993E1040025F539 /* list_the_usersApp.swift in Sources */,
				461D89B52A6DC50100678391 /* CategoryEditorContView.swift in Sources */,
				46BAB4892B30956600C155B9 /* StudentAppProfilex.swift in Sources */,
				465057852B23673100AC7F3C /* TeacherItems.swift in Sources */,
				46E56DBA2996B33800CB2512 /* ClassDetailResponse.swift in Sources */,
				46D07D8F2B742A7100D04B5B /* LiteralThings.swift in Sources */,
				4681B1F52C4E8C0D001DB2F4 /* TestMVVMView.swift in Sources */,
				46E56DB729969F5600CB2512 /* UserDetailResponse.swift in Sources */,
				46786B7A2A24E5E7000F6716 /* UserCardVwDup.swift in Sources */,
				461D89A62A6D4D2E00678391 /* Apps.swift in Sources */,
				46690D782A9D556F00C899FF /* MockFromStudentScreenView.swift in Sources */,
				46584FDB2993EAF40025F539 /* User.swift in Sources */,
				4664639F2B46FE650017A639 /* DevicesViewModel.swift in Sources */,
				4634419C2AEB59530074741D /* FirestoreManager.swift in Sources */,
				46786B782A24D9A6000F6716 /* UserEditorContDup.swift in Sources */,
				46AE58AA2AEBDB79005A3C20 /* MiscExtensions.swift in Sources */,
				4664639B2B46EABF0017A639 /* TheDevice.swift in Sources */,
				461D89A82A6D4D6900678391 /* CategorySymbols.swift in Sources */,
				4609120229D0811B000337E8 /* DashboardView.swift in Sources */,
				469F90CE2B6419F400E85AF2 /* TestSchoolListView.swift in Sources */,
				46E56DBD2996B42500CB2512 /* SchoolClassResponse.swift in Sources */,
				46584FDD2993EB650025F539 /* UserResponse.swift in Sources */,
				46BAB4982B30A48400C155B9 /* SchoolClassError.swift in Sources */,
				46584FE52993F03C0025F539 /* ApiManager.swift in Sources */,
				461D21CA299C4A37008B7BD2 /* AddAUserResponse.swift in Sources */,
				46A80E192A1153A2008B936D /* SchoolClassEditorContDup.swift in Sources */,
				46BAB48E2B309F5000C155B9 /* ProfileErrors.swift in Sources */,
				466463A12B4711B50017A639 /* DeviceListView.swift in Sources */,
				461D89AA2A6D4D9700678391 /* CategoryColors.swift in Sources */,
				46E76A0929BB9AEF00A85466 /* ClassesViewModel.swift in Sources */,
				4664639D2B46EB0F0017A639 /* DeviceListResponse.swift in Sources */,
				46D2A9A429DB4D12007B134E /* ImagePicker.swift in Sources */,
				46BAB4902B309F7500C155B9 /* DailySessionConfiguration.swift in Sources */,
				46786B762A24D97C000F6716 /* UserListDup.swift in Sources */,
				46E56DB12995E1C000CB2512 /* TestOutView.swift in Sources */,
				465B16502AA0ED3A000ED633 /* MockSetupAppProfileView.swift in Sources */,
				46CEE1B42AADF11500EDDC96 /* StudentAppProfileWorkingView.swift in Sources */,
				46A8BF7B2B47248600E5FF2D /* DeviceListVW.swift in Sources */,
				4698CA282A2D600A00D8A888 /* ImageProcessingError.swift in Sources */,
				4608AC342EEA305B000523F0 /* AuthenticationManager.swift in Sources */,
				46AEA64129C8E57900D2B994 /* LocationsResponse.swift in Sources */,
				46BAB4852B30949A00C155B9 /* TimeOfDay.swift in Sources */,
				469EFF212A6ED33F0047E8BC /* AppResponse.swift in Sources */,
				461D89B12A6D82DE00678391 /* ItemListSelectViewStr.swift in Sources */,
				46BAB4952B30A07900C155B9 /* Session.swift in Sources */,
				465669962B1A257700195925 /* MDMGroup.swift in Sources */,
				46690D7A2A9D57B800C899FF /* MockToStudentScreenView.swift in Sources */,
				46D6C82D29FE14EF009861FD /* StudentTeacherListView.swift in Sources */,
				469EFF232A6F40F30047E8BC /* AppxViewModel.swift in Sources */,
				46BAB4872B3094D900C155B9 /* DayOfWeek.swift in Sources */,
				46BD73142A0EC7A000AE23B1 /* SchoolListDup.swift in Sources */,
				464B6AD52A77D439008BF37F /* CategoryDisclosureView.swift in Sources */,
				4608AC3A2EEA3179000523F0 /* SettingsView.swift in Sources */,
				4608AC3B2EEA3179000523F0 /* TeacherLoginView.swift in Sources */,
				46E56DB42996977A00CB2512 /* AuthenticateReturnObjct.swift in Sources */,
				465B16522AA14D28000ED633 /* MockBareBones.swift in Sources */,
				461D89A42A6D4CA700678391 /* AppCategory.swift in Sources */,
				469EFF262A6F6D400047E8BC /* AppxView.swift in Sources */,
				4698CA2A2A2E1FE200D8A888 /* BlockingOverlayView.swift in Sources */,
				466FF03D2A7050C8002946F7 /* Components.swift in Sources */,
				46584FE92993F0C40025F539 /* ApiError.swift in Sources */,
				46584FDF2993ECD50025F539 /* UsersViewModel.swift in Sources */,
				4608AC362EEA30E5000523F0 /* KeychainHelper.swift in Sources */,
				461044AB2C5D446100760FCE /* UserEditorContDPRepl.swift in Sources */,
				46336705299452A600CF5EA3 /* CustomLabelStyle.swift in Sources */,
				46584FE72993F0960025F539 /* ApiHelper.swift in Sources */,
				46BAB4922B30A01400C155B9 /* DailySessions.swift in Sources */,
				461D21CC299D89DD008B7BD2 /* ClassDetailViewModel.swift in Sources */,
				469F90CC2B63E00700E85AF2 /* SwiftUIView.swift in Sources */,
				469990202C4F14E200C102A8 /* StudentAppProfileFS.swift in Sources */,
				466EC6FD2A42609D007EEEDB /* LessonDetailResponse.swift in Sources */,
				461D21CE299D8A64008B7BD2 /* Student.swift in Sources */,
				46B8239C2A71CEC100C85942 /* ItemListSelectViewWithPic.swift in Sources */,
				46584FEB2993F10F0025F539 /* ApiEndpoint.swift in Sources */,
				469F90CA2B63DEDD00E85AF2 /* TestDEstFromClassView.swift in Sources */,
				469420F229C7ED67004B8CB4 /* ExtensionsAndMore.swift in Sources */,
				46492B1C29F5CA9300699F96 /* StudentPicStubViewModel.swift in Sources */,
				46BD34E529BE236D002A8395 /* CreateaClassResponse.swift in Sources */,
				46BAB48B2B30959B00C155B9 /* StudentAppProfileManager.swift in Sources */,
			);
			runOnlyForDeploymentPostprocessing = 0;
		};
/* End PBXSourcesBuildPhase section */

/* Begin XCBuildConfiguration section */
		46584FD22993E1060025F539 /* Debug */ = {
			isa = XCBuildConfiguration;
			buildSettings = {
				ALWAYS_SEARCH_USER_PATHS = NO;
				CLANG_ANALYZER_NONNULL = YES;
				CLANG_ANALYZER_NUMBER_OBJECT_CONVERSION = YES_AGGRESSIVE;
				CLANG_CXX_LANGUAGE_STANDARD = "gnu++20";
				CLANG_ENABLE_MODULES = YES;
				CLANG_ENABLE_OBJC_ARC = YES;
				CLANG_ENABLE_OBJC_WEAK = YES;
				CLANG_WARN_BLOCK_CAPTURE_AUTORELEASING = YES;
				CLANG_WARN_BOOL_CONVERSION = YES;
				CLANG_WARN_COMMA = YES;
				CLANG_WARN_CONSTANT_CONVERSION = YES;
				CLANG_WARN_DEPRECATED_OBJC_IMPLEMENTATIONS = YES;
				CLANG_WARN_DIRECT_OBJC_ISA_USAGE = YES_ERROR;
				CLANG_WARN_DOCUMENTATION_COMMENTS = YES;
				CLANG_WARN_EMPTY_BODY = YES;
				CLANG_WARN_ENUM_CONVERSION = YES;
				CLANG_WARN_INFINITE_RECURSION = YES;
				CLANG_WARN_INT_CONVERSION = YES;
				CLANG_WARN_NON_LITERAL_NULL_CONVERSION = YES;
				CLANG_WARN_OBJC_IMPLICIT_RETAIN_SELF = YES;
				CLANG_WARN_OBJC_LITERAL_CONVERSION = YES;
				CLANG_WARN_OBJC_ROOT_CLASS = YES_ERROR;
				CLANG_WARN_QUOTED_INCLUDE_IN_FRAMEWORK_HEADER = YES;
				CLANG_WARN_RANGE_LOOP_ANALYSIS = YES;
				CLANG_WARN_STRICT_PROTOTYPES = YES;
				CLANG_WARN_SUSPICIOUS_MOVE = YES;
				CLANG_WARN_UNGUARDED_AVAILABILITY = YES_AGGRESSIVE;
				CLANG_WARN_UNREACHABLE_CODE = YES;
				CLANG_WARN__DUPLICATE_METHOD_MATCH = YES;
				COPY_PHASE_STRIP = NO;
				DEBUG_INFORMATION_FORMAT = dwarf;
				ENABLE_STRICT_OBJC_MSGSEND = YES;
				ENABLE_TESTABILITY = YES;
				GCC_C_LANGUAGE_STANDARD = gnu11;
				GCC_DYNAMIC_NO_PIC = NO;
				GCC_NO_COMMON_BLOCKS = YES;
				GCC_OPTIMIZATION_LEVEL = 0;
				GCC_PREPROCESSOR_DEFINITIONS = (
					"DEBUG=1",
					"$(inherited)",
				);
				GCC_WARN_64_TO_32_BIT_CONVERSION = YES;
				GCC_WARN_ABOUT_RETURN_TYPE = YES_ERROR;
				GCC_WARN_UNDECLARED_SELECTOR = YES;
				GCC_WARN_UNINITIALIZED_AUTOS = YES_AGGRESSIVE;
				GCC_WARN_UNUSED_FUNCTION = YES;
				GCC_WARN_UNUSED_VARIABLE = YES;
				IPHONEOS_DEPLOYMENT_TARGET = 16.1;
				MTL_ENABLE_DEBUG_INFO = INCLUDE_SOURCE;
				MTL_FAST_MATH = YES;
				ONLY_ACTIVE_ARCH = YES;
				SDKROOT = iphoneos;
				SWIFT_ACTIVE_COMPILATION_CONDITIONS = DEBUG;
				SWIFT_OPTIMIZATION_LEVEL = "-Onone";
			};
			name = Debug;
		};
		46584FD32993E1060025F539 /* Release */ = {
			isa = XCBuildConfiguration;
			buildSettings = {
				ALWAYS_SEARCH_USER_PATHS = NO;
				CLANG_ANALYZER_NONNULL = YES;
				CLANG_ANALYZER_NUMBER_OBJECT_CONVERSION = YES_AGGRESSIVE;
				CLANG_CXX_LANGUAGE_STANDARD = "gnu++20";
				CLANG_ENABLE_MODULES = YES;
				CLANG_ENABLE_OBJC_ARC = YES;
				CLANG_ENABLE_OBJC_WEAK = YES;
				CLANG_WARN_BLOCK_CAPTURE_AUTORELEASING = YES;
				CLANG_WARN_BOOL_CONVERSION = YES;
				CLANG_WARN_COMMA = YES;
				CLANG_WARN_CONSTANT_CONVERSION = YES;
				CLANG_WARN_DEPRECATED_OBJC_IMPLEMENTATIONS = YES;
				CLANG_WARN_DIRECT_OBJC_ISA_USAGE = YES_ERROR;
				CLANG_WARN_DOCUMENTATION_COMMENTS = YES;
				CLANG_WARN_EMPTY_BODY = YES;
				CLANG_WARN_ENUM_CONVERSION = YES;
				CLANG_WARN_INFINITE_RECURSION = YES;
				CLANG_WARN_INT_CONVERSION = YES;
				CLANG_WARN_NON_LITERAL_NULL_CONVERSION = YES;
				CLANG_WARN_OBJC_IMPLICIT_RETAIN_SELF = YES;
				CLANG_WARN_OBJC_LITERAL_CONVERSION = YES;
				CLANG_WARN_OBJC_ROOT_CLASS = YES_ERROR;
				CLANG_WARN_QUOTED_INCLUDE_IN_FRAMEWORK_HEADER = YES;
				CLANG_WARN_RANGE_LOOP_ANALYSIS = YES;
				CLANG_WARN_STRICT_PROTOTYPES = YES;
				CLANG_WARN_SUSPICIOUS_MOVE = YES;
				CLANG_WARN_UNGUARDED_AVAILABILITY = YES_AGGRESSIVE;
				CLANG_WARN_UNREACHABLE_CODE = YES;
				CLANG_WARN__DUPLICATE_METHOD_MATCH = YES;
				COPY_PHASE_STRIP = NO;
				DEBUG_INFORMATION_FORMAT = "dwarf-with-dsym";
				ENABLE_NS_ASSERTIONS = NO;
				ENABLE_STRICT_OBJC_MSGSEND = YES;
				GCC_C_LANGUAGE_STANDARD = gnu11;
				GCC_NO_COMMON_BLOCKS = YES;
				GCC_WARN_64_TO_32_BIT_CONVERSION = YES;
				GCC_WARN_ABOUT_RETURN_TYPE = YES_ERROR;
				GCC_WARN_UNDECLARED_SELECTOR = YES;
				GCC_WARN_UNINITIALIZED_AUTOS = YES_AGGRESSIVE;
				GCC_WARN_UNUSED_FUNCTION = YES;
				GCC_WARN_UNUSED_VARIABLE = YES;
				IPHONEOS_DEPLOYMENT_TARGET = 16.1;
				MTL_ENABLE_DEBUG_INFO = NO;
				MTL_FAST_MATH = YES;
				SDKROOT = iphoneos;
				SWIFT_COMPILATION_MODE = wholemodule;
				SWIFT_OPTIMIZATION_LEVEL = "-O";
				VALIDATE_PRODUCT = YES;
			};
			name = Release;
		};
		46584FD52993E1060025F539 /* Debug */ = {
			isa = XCBuildConfiguration;
			buildSettings = {
				ASSETCATALOG_COMPILER_APPICON_NAME = AppIcon;
				ASSETCATALOG_COMPILER_GLOBAL_ACCENT_COLOR_NAME = AccentColor;
				CODE_SIGN_STYLE = Automatic;
				CURRENT_PROJECT_VERSION = 1;
				DEVELOPMENT_ASSET_PATHS = "\"appi4Manager/Preview Content\"";
				DEVELOPMENT_TEAM = MZ552MTEJZ;
				ENABLE_PREVIEWS = YES;
				GENERATE_INFOPLIST_FILE = YES;
				INFOPLIST_KEY_UIApplicationSceneManifest_Generation = YES;
				INFOPLIST_KEY_UIApplicationSupportsIndirectInputEvents = YES;
				INFOPLIST_KEY_UILaunchScreen_Generation = YES;
				INFOPLIST_KEY_UISupportedInterfaceOrientations_iPad = "UIInterfaceOrientationPortrait UIInterfaceOrientationPortraitUpsideDown UIInterfaceOrientationLandscapeLeft UIInterfaceOrientationLandscapeRight";
				INFOPLIST_KEY_UISupportedInterfaceOrientations_iPhone = "UIInterfaceOrientationPortrait UIInterfaceOrientationLandscapeLeft UIInterfaceOrientationLandscapeRight";
				IPHONEOS_DEPLOYMENT_TARGET = 17.1;
				LD_RUNPATH_SEARCH_PATHS = (
					"$(inherited)",
					"@executable_path/Frameworks",
				);
				MARKETING_VERSION = 1.0;
				PRODUCT_BUNDLE_IDENTIFIER = com.developItSolutions.appi4Manager;
				PRODUCT_NAME = "$(TARGET_NAME)";
				SWIFT_EMIT_LOC_STRINGS = YES;
				SWIFT_VERSION = 5.0;
				TARGETED_DEVICE_FAMILY = "1,2";
			};
			name = Debug;
		};
		46584FD62993E1060025F539 /* Release */ = {
			isa = XCBuildConfiguration;
			buildSettings = {
				ASSETCATALOG_COMPILER_APPICON_NAME = AppIcon;
				ASSETCATALOG_COMPILER_GLOBAL_ACCENT_COLOR_NAME = AccentColor;
				CODE_SIGN_STYLE = Automatic;
				CURRENT_PROJECT_VERSION = 1;
				DEVELOPMENT_ASSET_PATHS = "\"appi4Manager/Preview Content\"";
				DEVELOPMENT_TEAM = MZ552MTEJZ;
				ENABLE_PREVIEWS = YES;
				GENERATE_INFOPLIST_FILE = YES;
				INFOPLIST_KEY_UIApplicationSceneManifest_Generation = YES;
				INFOPLIST_KEY_UIApplicationSupportsIndirectInputEvents = YES;
				INFOPLIST_KEY_UILaunchScreen_Generation = YES;
				INFOPLIST_KEY_UISupportedInterfaceOrientations_iPad = "UIInterfaceOrientationPortrait UIInterfaceOrientationPortraitUpsideDown UIInterfaceOrientationLandscapeLeft UIInterfaceOrientationLandscapeRight";
				INFOPLIST_KEY_UISupportedInterfaceOrientations_iPhone = "UIInterfaceOrientationPortrait UIInterfaceOrientationLandscapeLeft UIInterfaceOrientationLandscapeRight";
				IPHONEOS_DEPLOYMENT_TARGET = 17.1;
				LD_RUNPATH_SEARCH_PATHS = (
					"$(inherited)",
					"@executable_path/Frameworks",
				);
				MARKETING_VERSION = 1.0;
				PRODUCT_BUNDLE_IDENTIFIER = com.developItSolutions.appi4Manager;
				PRODUCT_NAME = "$(TARGET_NAME)";
				SWIFT_EMIT_LOC_STRINGS = YES;
				SWIFT_VERSION = 5.0;
				TARGETED_DEVICE_FAMILY = "1,2";
			};
			name = Release;
		};
/* End XCBuildConfiguration section */

/* Begin XCConfigurationList section */
		46584FC12993E1040025F539 /* Build configuration list for PBXProject "appi4Manager" */ = {
			isa = XCConfigurationList;
			buildConfigurations = (
				46584FD22993E1060025F539 /* Debug */,
				46584FD32993E1060025F539 /* Release */,
			);
			defaultConfigurationIsVisible = 0;
			defaultConfigurationName = Release;
		};
		46584FD42993E1060025F539 /* Build configuration list for PBXNativeTarget "appi4Manager" */ = {
			isa = XCConfigurationList;
			buildConfigurations = (
				46584FD52993E1060025F539 /* Debug */,
				46584FD62993E1060025F539 /* Release */,
			);
			defaultConfigurationIsVisible = 0;
			defaultConfigurationName = Release;
		};
/* End XCConfigurationList section */

/* Begin XCRemoteSwiftPackageReference section */
		4634418E2AEB3F390074741D /* XCRemoteSwiftPackageReference "firebase-ios-sdk" */ = {
			isa = XCRemoteSwiftPackageReference;
			repositoryURL = "https://github.com/firebase/firebase-ios-sdk.git";
			requirement = {
				kind = upToNextMajorVersion;
				minimumVersion = 10.4.0;
			};
		};
/* End XCRemoteSwiftPackageReference section */

/* Begin XCSwiftPackageProductDependency section */
		4634418F2AEB3F3A0074741D /* FirebaseDatabase */ = {
			isa = XCSwiftPackageProductDependency;
			package = 4634418E2AEB3F390074741D /* XCRemoteSwiftPackageReference "firebase-ios-sdk" */;
			productName = FirebaseDatabase;
		};
		463441912AEB3F3A0074741D /* FirebaseDatabaseSwift */ = {
			isa = XCSwiftPackageProductDependency;
			package = 4634418E2AEB3F390074741D /* XCRemoteSwiftPackageReference "firebase-ios-sdk" */;
			productName = FirebaseDatabaseSwift;
		};
		463441932AEB3F3A0074741D /* FirebaseFirestore */ = {
			isa = XCSwiftPackageProductDependency;
			package = 4634418E2AEB3F390074741D /* XCRemoteSwiftPackageReference "firebase-ios-sdk" */;
			productName = FirebaseFirestore;
		};
		463441952AEB3F3A0074741D /* FirebaseFirestoreSwift */ = {
			isa = XCSwiftPackageProductDependency;
			package = 4634418E2AEB3F390074741D /* XCRemoteSwiftPackageReference "firebase-ios-sdk" */;
			productName = FirebaseFirestoreSwift;
		};
/* End XCSwiftPackageProductDependency section */
	};
	rootObject = 46584FBE2993E1040025F539 /* Project object */;
}
